
Microsoft Visual Studio Solution File, Format Version 12.00
# Visual Studio Version 16
VisualStudioVersion = 16.0.29806.167
MinimumVisualStudioVersion = 10.0.40219.1
Project("{FAE04EC0-301F-11D3-BF4B-00C04F79EFBC}") = "Backend", "Backend\Backend.csproj", "{58BD5F95-14A2-4924-B7F5-98881E85333E}"
EndProject
Project("{FAE04EC0-301F-11D3-BF4B-00C04F79EFBC}") = "Angular", "Angular\Angular.csproj", "{7480A6A5-D1B1-4E49-B514-54C86CA8A27C}"
EndProject
Global
	GlobalSection(SolutionConfigurationPlatforms) = preSolution
		Debug|Any CPU = Debug|Any CPU
		Release|Any CPU = Release|Any CPU
	EndGlobalSection
	GlobalSection(ProjectConfigurationPlatforms) = postSolution
		{58BD5F95-14A2-4924-B7F5-98881E85333E}.Debug|Any CPU.ActiveCfg = Debug|Any CPU
		{58BD5F95-14A2-4924-B7F5-98881E85333E}.Debug|Any CPU.Build.0 = Debug|Any CPU
		{58BD5F95-14A2-4924-B7F5-98881E85333E}.Release|Any CPU.ActiveCfg = Release|Any CPU
		{58BD5F95-14A2-4924-B7F5-98881E85333E}.Release|Any CPU.Build.0 = Release|Any CPU
		{7480A6A5-D1B1-4E49-B514-54C86CA8A27C}.Debug|Any CPU.ActiveCfg = Debug|Any CPU
		{7480A6A5-D1B1-4E49-B514-54C86CA8A27C}.Debug|Any CPU.Build.0 = Debug|Any CPU
		{7480A6A5-D1B1-4E49-B514-54C86CA8A27C}.Release|Any CPU.ActiveCfg = Release|Any CPU
		{7480A6A5-D1B1-4E49-B514-54C86CA8A27C}.Release|Any CPU.Build.0 = Release|Any CPU
	EndGlobalSection
	GlobalSection(SolutionProperties) = preSolution
		HideSolutionNode = FALSE
	EndGlobalSection
	GlobalSection(ExtensibilityGlobals) = postSolution
		SolutionGuid = {562F3A66-FAD0-4872-AF77-41B4EA68EE05}
	EndGlobalSection
EndGlobal
